
Microsoft Visual Studio Solution File, Format Version 12.00
# Visual Studio 15
VisualStudioVersion = 15.0.28307.572
MinimumVisualStudioVersion = 10.0.40219.1
Project("{FAE04EC0-301F-11D3-BF4B-00C04F79EFBC}") = "ImageCutToolView", "ImageCutToolView\ImageCutToolView.csproj", "{58018C4F-C459-487F-B049-F9D08E292F41}"
EndProject
Project("{FAE04EC0-301F-11D3-BF4B-00C04F79EFBC}") = "ImageCutToolCore", "ImageCutToolCore\ImageCutToolCore.csproj", "{58491E59-5D5D-450E-A35E-9A66C46EE86F}"
EndProject
Global
	GlobalSection(SolutionConfigurationPlatforms) = preSolution
		Debug|Any CPU = Debug|Any CPU
		Release|Any CPU = Release|Any CPU
	EndGlobalSection
	GlobalSection(ProjectConfigurationPlatforms) = postSolution
		{58018C4F-C459-487F-B049-F9D08E292F41}.Debug|Any CPU.ActiveCfg = Debug|Any CPU
		{58018C4F-C459-487F-B049-F9D08E292F41}.Debug|Any CPU.Build.0 = Debug|Any CPU
		{58018C4F-C459-487F-B049-F9D08E292F41}.Release|Any CPU.ActiveCfg = Release|Any CPU
		{58018C4F-C459-487F-B049-F9D08E292F41}.Release|Any CPU.Build.0 = Release|Any CPU
		{58491E59-5D5D-450E-A35E-9A66C46EE86F}.Debug|Any CPU.ActiveCfg = Debug|Any CPU
		{58491E59-5D5D-450E-A35E-9A66C46EE86F}.Debug|Any CPU.Build.0 = Debug|Any CPU
		{58491E59-5D5D-450E-A35E-9A66C46EE86F}.Release|Any CPU.ActiveCfg = Release|Any CPU
		{58491E59-5D5D-450E-A35E-9A66C46EE86F}.Release|Any CPU.Build.0 = Release|Any CPU
	EndGlobalSection
	GlobalSection(SolutionProperties) = preSolution
		HideSolutionNode = FALSE
	EndGlobalSection
	GlobalSection(ExtensibilityGlobals) = postSolution
		SolutionGuid = {2595DACE-9E1A-4718-A8E3-59D1FB9CCD31}
	EndGlobalSection
EndGlobal
